
Microsoft Visual Studio Solution File, Format Version 12.00
# Visual Studio Version 17
VisualStudioVersion = 17.4.33122.133
MinimumVisualStudioVersion = 10.0.40219.1
Project("{FAE04EC0-301F-11D3-BF4B-00C04F79EFBC}") = "CakeShop", "CakeShop\CakeShop.csproj", "{1EFB7760-EE7B-4E8F-A5C0-67A3ECEF80A9}"
EndProject
Global
	GlobalSection(SolutionConfigurationPlatforms) = preSolution
		Debug|Any CPU = Debug|Any CPU
		Release|Any CPU = Release|Any CPU
	EndGlobalSection
	GlobalSection(ProjectConfigurationPlatforms) = postSolution
		{1EFB7760-EE7B-4E8F-A5C0-67A3ECEF80A9}.Debug|Any CPU.ActiveCfg = Debug|Any CPU
		{1EFB7760-EE7B-4E8F-A5C0-67A3ECEF80A9}.Debug|Any CPU.Build.0 = Debug|Any CPU
		{1EFB7760-EE7B-4E8F-A5C0-67A3ECEF80A9}.Release|Any CPU.ActiveCfg = Release|Any CPU
		{1EFB7760-EE7B-4E8F-A5C0-67A3ECEF80A9}.Release|Any CPU.Build.0 = Release|Any CPU
	EndGlobalSection
	GlobalSection(SolutionProperties) = preSolution
		HideSolutionNode = FALSE
	EndGlobalSection
	GlobalSection(ExtensibilityGlobals) = postSolution
		SolutionGuid = {C5E81121-8152-4012-9AF5-6A3D1ED49A85}
	EndGlobalSection
EndGlobal
